// !$*UTF8*$!
{
	archiveVersion = 1;
	classes = {
	};
	objectVersion = 46;
	objects = {

/* Begin PBXBuildFile section */
		227F581A1B8FD1380005A032 /* QQ20150828-3.png in Resources */ = {isa = PBXBuildFile; fileRef = 227F58171B8FD1380005A032 /* QQ20150828-3.png */; };
		227F581B1B8FD1380005A032 /* QQ20150828-4.png in Resources */ = {isa = PBXBuildFile; fileRef = 227F58181B8FD1380005A032 /* QQ20150828-4.png */; };
		227F581C1B8FD1380005A032 /* QQ20150828-5.png in Resources */ = {isa = PBXBuildFile; fileRef = 227F58191B8FD1380005A032 /* QQ20150828-5.png */; };
		2293BD2C1B61AA3F0011E8ED /* AppDelegate.swift in Sources */ = {isa = PBXBuildFile; fileRef = 2293BD2B1B61AA3F0011E8ED /* AppDelegate.swift */; };
		2293BD2E1B61AA3F0011E8ED /* ViewController.swift in Sources */ = {isa = PBXBuildFile; fileRef = 2293BD2D1B61AA3F0011E8ED /* ViewController.swift */; };
		2293BD311B61AA3F0011E8ED /* Main.storyboard in Resources */ = {isa = PBXBuildFile; fileRef = 2293BD2F1B61AA3F0011E8ED /* Main.storyboard */; };
		2293BD331B61AA3F0011E8ED /* Images.xcassets in Resources */ = {isa = PBXBuildFile; fileRef = 2293BD321B61AA3F0011E8ED /* Images.xcassets */; };
		2293BD361B61AA3F0011E8ED /* LaunchScreen.xib in Resources */ = {isa = PBXBuildFile; fileRef = 2293BD341B61AA3F0011E8ED /* LaunchScreen.xib */; };
		2293BD421B61AA3F0011E8ED /* WeChat_YunTests.swift in Sources */ = {isa = PBXBuildFile; fileRef = 2293BD411B61AA3F0011E8ED /* WeChat_YunTests.swift */; };
		2293BD4C1B61AE3A0011E8ED /* TxlViewController.swift in Sources */ = {isa = PBXBuildFile; fileRef = 2293BD4B1B61AE3A0011E8ED /* TxlViewController.swift */; };
		2293BD4E1B61B52F0011E8ED /* FxViewController.swift in Sources */ = {isa = PBXBuildFile; fileRef = 2293BD4D1B61B52F0011E8ED /* FxViewController.swift */; };
		2293BD501B61B5E10011E8ED /* IViewController.swift in Sources */ = {isa = PBXBuildFile; fileRef = 2293BD4F1B61B5E10011E8ED /* IViewController.swift */; };
		22976F5F1B67B18600E9B7E9 /* MessageModel.swift in Sources */ = {isa = PBXBuildFile; fileRef = 22976F5E1B67B18600E9B7E9 /* MessageModel.swift */; };
		229AAF8B1B6A52FC009CC69C /* ListMessageViewController.swift in Sources */ = {isa = PBXBuildFile; fileRef = 229AAF8A1B6A52FC009CC69C /* ListMessageViewController.swift */; };
		22B3DA4E1B6F923B00F55E62 /* MessageDetailedController.swift in Sources */ = {isa = PBXBuildFile; fileRef = 22B3DA4D1B6F923B00F55E62 /* MessageDetailedController.swift */; };
/* End PBXBuildFile section */

/* Begin PBXContainerItemProxy section */
		2293BD3C1B61AA3F0011E8ED /* PBXContainerItemProxy */ = {
			isa = PBXContainerItemProxy;
			containerPortal = 2293BD1E1B61AA3F0011E8ED /* Project object */;
			proxyType = 1;
			remoteGlobalIDString = 2293BD251B61AA3F0011E8ED;
			remoteInfo = WeChat_Yun;
		};
/* End PBXContainerItemProxy section */

/* Begin PBXFileReference section */
		227F58171B8FD1380005A032 /* QQ20150828-3.png */ = {isa = PBXFileReference; lastKnownFileType = image.png; path = "QQ20150828-3.png"; sourceTree = "<group>"; };
		227F58181B8FD1380005A032 /* QQ20150828-4.png */ = {isa = PBXFileReference; lastKnownFileType = image.png; path = "QQ20150828-4.png"; sourceTree = "<group>"; };
		227F58191B8FD1380005A032 /* QQ20150828-5.png */ = {isa = PBXFileReference; lastKnownFileType = image.png; path = "QQ20150828-5.png"; sourceTree = "<group>"; };
		2293BD261B61AA3F0011E8ED /* WeChat_Yun.app */ = {isa = PBXFileReference; explicitFileType = wrapper.application; includeInIndex = 0; path = WeChat_Yun.app; sourceTree = BUILT_PRODUCTS_DIR; };
		2293BD2A1B61AA3F0011E8ED /* Info.plist */ = {isa = PBXFileReference; lastKnownFileType = text.plist.xml; path = Info.plist; sourceTree = "<group>"; };
		2293BD2B1B61AA3F0011E8ED /* AppDelegate.swift */ = {isa = PBXFileReference; lastKnownFileType = sourcecode.swift; path = AppDelegate.swift; sourceTree = "<group>"; };
		2293BD2D1B61AA3F0011E8ED /* ViewController.swift */ = {isa = PBXFileReference; lastKnownFileType = sourcecode.swift; path = ViewController.swift; sourceTree = "<group>"; };
		2293BD301B61AA3F0011E8ED /* Base */ = {isa = PBXFileReference; lastKnownFileType = file.storyboard; name = Base; path = Base.lproj/Main.storyboard; sourceTree = "<group>"; };
		2293BD321B61AA3F0011E8ED /* Images.xcassets */ = {isa = PBXFileReference; lastKnownFileType = folder.assetcatalog; path = Images.xcassets; sourceTree = "<group>"; };
		2293BD351B61AA3F0011E8ED /* Base */ = {isa = PBXFileReference; lastKnownFileType = file.xib; name = Base; path = Base.lproj/LaunchScreen.xib; sourceTree = "<group>"; };
		2293BD3B1B61AA3F0011E8ED /* WeChat_YunTests.xctest */ = {isa = PBXFileReference; explicitFileType = wrapper.cfbundle; includeInIndex = 0; path = WeChat_YunTests.xctest; sourceTree = BUILT_PRODUCTS_DIR; };
		2293BD401B61AA3F0011E8ED /* Info.plist */ = {isa = PBXFileReference; lastKnownFileType = text.plist.xml; path = Info.plist; sourceTree = "<group>"; };
		2293BD411B61AA3F0011E8ED /* WeChat_YunTests.swift */ = {isa = PBXFileReference; lastKnownFileType = sourcecode.swift; path = WeChat_YunTests.swift; sourceTree = "<group>"; };
		2293BD4B1B61AE3A0011E8ED /* TxlViewController.swift */ = {isa = PBXFileReference; fileEncoding = 4; lastKnownFileType = sourcecode.swift; path = TxlViewController.swift; sourceTree = "<group>"; };
		2293BD4D1B61B52F0011E8ED /* FxViewController.swift */ = {isa = PBXFileReference; fileEncoding = 4; lastKnownFileType = sourcecode.swift; path = FxViewController.swift; sourceTree = "<group>"; };
		2293BD4F1B61B5E10011E8ED /* IViewController.swift */ = {isa = PBXFileReference; fileEncoding = 4; lastKnownFileType = sourcecode.swift; path = IViewController.swift; sourceTree = "<group>"; };
		22976F5E1B67B18600E9B7E9 /* MessageModel.swift */ = {isa = PBXFileReference; fileEncoding = 4; lastKnownFileType = sourcecode.swift; path = MessageModel.swift; sourceTree = "<group>"; };
		229AAF8A1B6A52FC009CC69C /* ListMessageViewController.swift */ = {isa = PBXFileReference; fileEncoding = 4; lastKnownFileType = sourcecode.swift; path = ListMessageViewController.swift; sourceTree = "<group>"; };
		22B3DA4D1B6F923B00F55E62 /* MessageDetailedController.swift */ = {isa = PBXFileReference; fileEncoding = 4; lastKnownFileType = sourcecode.swift; path = MessageDetailedController.swift; sourceTree = "<group>"; };
/* End PBXFileReference section */

/* Begin PBXFrameworksBuildPhase section */
		2293BD231B61AA3F0011E8ED /* Frameworks */ = {
			isa = PBXFrameworksBuildPhase;
			buildActionMask = 2147483647;
			files = (
			);
			runOnlyForDeploymentPostprocessing = 0;
		};
		2293BD381B61AA3F0011E8ED /* Frameworks */ = {
			isa = PBXFrameworksBuildPhase;
			buildActionMask = 2147483647;
			files = (
			);
			runOnlyForDeploymentPostprocessing = 0;
		};
/* End PBXFrameworksBuildPhase section */

/* Begin PBXGroup section */
		2293BD1D1B61AA3F0011E8ED = {
			isa = PBXGroup;
			children = (
				2293BD281B61AA3F0011E8ED /* WeChat_Yun */,
				2293BD3E1B61AA3F0011E8ED /* WeChat_YunTests */,
				2293BD271B61AA3F0011E8ED /* Products */,
			);
			sourceTree = "<group>";
		};
		2293BD271B61AA3F0011E8ED /* Products */ = {
			isa = PBXGroup;
			children = (
				2293BD261B61AA3F0011E8ED /* WeChat_Yun.app */,
				2293BD3B1B61AA3F0011E8ED /* WeChat_YunTests.xctest */,
			);
			name = Products;
			sourceTree = "<group>";
		};
		2293BD281B61AA3F0011E8ED /* WeChat_Yun */ = {
			isa = PBXGroup;
			children = (
				227F58171B8FD1380005A032 /* QQ20150828-3.png */,
				227F58181B8FD1380005A032 /* QQ20150828-4.png */,
				227F58191B8FD1380005A032 /* QQ20150828-5.png */,
				2293BD2B1B61AA3F0011E8ED /* AppDelegate.swift */,
				2293BD2D1B61AA3F0011E8ED /* ViewController.swift */,
				2293BD2F1B61AA3F0011E8ED /* Main.storyboard */,
				2293BD321B61AA3F0011E8ED /* Images.xcassets */,
				2293BD341B61AA3F0011E8ED /* LaunchScreen.xib */,
				2293BD291B61AA3F0011E8ED /* Supporting Files */,
				2293BD4B1B61AE3A0011E8ED /* TxlViewController.swift */,
				2293BD4D1B61B52F0011E8ED /* FxViewController.swift */,
				2293BD4F1B61B5E10011E8ED /* IViewController.swift */,
				22976F5E1B67B18600E9B7E9 /* MessageModel.swift */,
				229AAF8A1B6A52FC009CC69C /* ListMessageViewController.swift */,
				22B3DA4D1B6F923B00F55E62 /* MessageDetailedController.swift */,
			);
			path = WeChat_Yun;
			sourceTree = "<group>";
		};
		2293BD291B61AA3F0011E8ED /* Supporting Files */ = {
			isa = PBXGroup;
			children = (
				2293BD2A1B61AA3F0011E8ED /* Info.plist */,
			);
			name = "Supporting Files";
			sourceTree = "<group>";
		};
		2293BD3E1B61AA3F0011E8ED /* WeChat_YunTests */ = {
			isa = PBXGroup;
			children = (
				2293BD411B61AA3F0011E8ED /* WeChat_YunTests.swift */,
				2293BD3F1B61AA3F0011E8ED /* Supporting Files */,
			);
			path = WeChat_YunTests;
			sourceTree = "<group>";
		};
		2293BD3F1B61AA3F0011E8ED /* Supporting Files */ = {
			isa = PBXGroup;
			children = (
				2293BD401B61AA3F0011E8ED /* Info.plist */,
			);
			name = "Supporting Files";
			sourceTree = "<group>";
		};
/* End PBXGroup section */

/* Begin PBXNativeTarget section */
		2293BD251B61AA3F0011E8ED /* WeChat_Yun */ = {
			isa = PBXNativeTarget;
			buildConfigurationList = 2293BD451B61AA3F0011E8ED /* Build configuration list for PBXNativeTarget "WeChat_Yun" */;
			buildPhases = (
				2293BD221B61AA3F0011E8ED /* Sources */,
				2293BD231B61AA3F0011E8ED /* Frameworks */,
				2293BD241B61AA3F0011E8ED /* Resources */,
			);
			buildRules = (
			);
			dependencies = (
			);
			name = WeChat_Yun;
			productName = WeChat_Yun;
			productReference = 2293BD261B61AA3F0011E8ED /* WeChat_Yun.app */;
			productType = "com.apple.product-type.application";
		};
		2293BD3A1B61AA3F0011E8ED /* WeChat_YunTests */ = {
			isa = PBXNativeTarget;
			buildConfigurationList = 2293BD481B61AA3F0011E8ED /* Build configuration list for PBXNativeTarget "WeChat_YunTests" */;
			buildPhases = (
				2293BD371B61AA3F0011E8ED /* Sources */,
				2293BD381B61AA3F0011E8ED /* Frameworks */,
				2293BD391B61AA3F0011E8ED /* Resources */,
			);
			buildRules = (
			);
			dependencies = (
				2293BD3D1B61AA3F0011E8ED /* PBXTargetDependency */,
			);
			name = WeChat_YunTests;
			productName = WeChat_YunTests;
			productReference = 2293BD3B1B61AA3F0011E8ED /* WeChat_YunTests.xctest */;
			productType = "com.apple.product-type.bundle.unit-test";
		};
/* End PBXNativeTarget section */

/* Begin PBXProject section */
		2293BD1E1B61AA3F0011E8ED /* Project object */ = {
			isa = PBXProject;
			attributes = {
				LastUpgradeCheck = 0630;
				ORGANIZATIONNAME = "叶云";
				TargetAttributes = {
					2293BD251B61AA3F0011E8ED = {
						CreatedOnToolsVersion = 6.3.2;
					};
					2293BD3A1B61AA3F0011E8ED = {
						CreatedOnToolsVersion = 6.3.2;
						TestTargetID = 2293BD251B61AA3F0011E8ED;
					};
				};
			};
			buildConfigurationList = 2293BD211B61AA3F0011E8ED /* Build configuration list for PBXProject "WeChat_Yun" */;
			compatibilityVersion = "Xcode 3.2";
			developmentRegion = English;
			hasScannedForEncodings = 0;
			knownRegions = (
				en,
				Base,
			);
			mainGroup = 2293BD1D1B61AA3F0011E8ED;
			productRefGroup = 2293BD271B61AA3F0011E8ED /* Products */;
			projectDirPath = "";
			projectRoot = "";
			targets = (
				2293BD251B61AA3F0011E8ED /* WeChat_Yun */,
				2293BD3A1B61AA3F0011E8ED /* WeChat_YunTests */,
			);
		};
/* End PBXProject section */

/* Begin PBXResourcesBuildPhase section */
		2293BD241B61AA3F0011E8ED /* Resources */ = {
			isa = PBXResourcesBuildPhase;
			buildActionMask = 2147483647;
			files = (
				2293BD311B61AA3F0011E8ED /* Main.storyboard in Resources */,
				227F581C1B8FD1380005A032 /* QQ20150828-5.png in Resources */,
				2293BD361B61AA3F0011E8ED /* LaunchScreen.xib in Resources */,
				2293BD331B61AA3F0011E8ED /* Images.xcassets in Resources */,
				227F581A1B8FD1380005A032 /* QQ20150828-3.png in Resources */,
				227F581B1B8FD1380005A032 /* QQ20150828-4.png in Resources */,
			);
			runOnlyForDeploymentPostprocessing = 0;
		};
		2293BD391B61AA3F0011E8ED /* Resources */ = {
			isa = PBXResourcesBuildPhase;
			buildActionMask = 2147483647;
			files = (
			);
			runOnlyForDeploymentPostprocessing = 0;
		};
/* End PBXResourcesBuildPhase section */

/* Begin PBXSourcesBuildPhase section */
		2293BD221B61AA3F0011E8ED /* Sources */ = {
			isa = PBXSourcesBuildPhase;
			buildActionMask = 2147483647;
			files = (
				2293BD2E1B61AA3F0011E8ED /* ViewController.swift in Sources */,
				2293BD501B61B5E10011E8ED /* IViewController.swift in Sources */,
				2293BD2C1B61AA3F0011E8ED /* AppDelegate.swift in Sources */,
				229AAF8B1B6A52FC009CC69C /* ListMessageViewController.swift in Sources */,
				2293BD4E1B61B52F0011E8ED /* FxViewController.swift in Sources */,
				22976F5F1B67B18600E9B7E9 /* MessageModel.swift in Sources */,
				2293BD4C1B61AE3A0011E8ED /* TxlViewController.swift in Sources */,
				22B3DA4E1B6F923B00F55E62 /* MessageDetailedController.swift in Sources */,
			);
			runOnlyForDeploymentPostprocessing = 0;
		};
		2293BD371B61AA3F0011E8ED /* Sources */ = {
			isa = PBXSourcesBuildPhase;
			buildActionMask = 2147483647;
			files = (
				2293BD421B61AA3F0011E8ED /* WeChat_YunTests.swift in Sources */,
			);
			runOnlyForDeploymentPostprocessing = 0;
		};
/* End PBXSourcesBuildPhase section */

/* Begin PBXTargetDependency section */
		2293BD3D1B61AA3F0011E8ED /* PBXTargetDependency */ = {
			isa = PBXTargetDependency;
			target = 2293BD251B61AA3F0011E8ED /* WeChat_Yun */;
			targetProxy = 2293BD3C1B61AA3F0011E8ED /* PBXContainerItemProxy */;
		};
/* End PBXTargetDependency section */

/* Begin PBXVariantGroup section */
		2293BD2F1B61AA3F0011E8ED /* Main.storyboard */ = {
			isa = PBXVariantGroup;
			children = (
				2293BD301B61AA3F0011E8ED /* Base */,
			);
			name = Main.storyboard;
			sourceTree = "<group>";
		};
		2293BD341B61AA3F0011E8ED /* LaunchScreen.xib */ = {
			isa = PBXVariantGroup;
			children = (
				2293BD351B61AA3F0011E8ED /* Base */,
			);
			name = LaunchScreen.xib;
			sourceTree = "<group>";
		};
/* End PBXVariantGroup section */

/* Begin XCBuildConfiguration section */
		2293BD431B61AA3F0011E8ED /* Debug */ = {
			isa = XCBuildConfiguration;
			buildSettings = {
				ALWAYS_SEARCH_USER_PATHS = NO;
				CLANG_CXX_LANGUAGE_STANDARD = "gnu++0x";
				CLANG_CXX_LIBRARY = "libc++";
				CLANG_ENABLE_MODULES = YES;
				CLANG_ENABLE_OBJC_ARC = YES;
				CLANG_WARN_BOOL_CONVERSION = YES;
				CLANG_WARN_CONSTANT_CONVERSION = YES;
				CLANG_WARN_DIRECT_OBJC_ISA_USAGE = YES_ERROR;
				CLANG_WARN_EMPTY_BODY = YES;
				CLANG_WARN_ENUM_CONVERSION = YES;
				CLANG_WARN_INT_CONVERSION = YES;
				CLANG_WARN_OBJC_ROOT_CLASS = YES_ERROR;
				CLANG_WARN_UNREACHABLE_CODE = YES;
				CLANG_WARN__DUPLICATE_METHOD_MATCH = YES;
				"CODE_SIGN_IDENTITY[sdk=iphoneos*]" = "iPhone Developer";
				COPY_PHASE_STRIP = NO;
				DEBUG_INFORMATION_FORMAT = "dwarf-with-dsym";
				ENABLE_STRICT_OBJC_MSGSEND = YES;
				GCC_C_LANGUAGE_STANDARD = gnu99;
				GCC_DYNAMIC_NO_PIC = NO;
				GCC_NO_COMMON_BLOCKS = YES;
				GCC_OPTIMIZATION_LEVEL = 0;
				GCC_PREPROCESSOR_DEFINITIONS = (
					"DEBUG=1",
					"$(inherited)",
				);
				GCC_SYMBOLS_PRIVATE_EXTERN = NO;
				GCC_WARN_64_TO_32_BIT_CONVERSION = YES;
				GCC_WARN_ABOUT_RETURN_TYPE = YES_ERROR;
				GCC_WARN_UNDECLARED_SELECTOR = YES;
				GCC_WARN_UNINITIALIZED_AUTOS = YES_AGGRESSIVE;
				GCC_WARN_UNUSED_FUNCTION = YES;
				GCC_WARN_UNUSED_VARIABLE = YES;
				IPHONEOS_DEPLOYMENT_TARGET = 8.3;
				MTL_ENABLE_DEBUG_INFO = YES;
				ONLY_ACTIVE_ARCH = YES;
				SDKROOT = iphoneos;
				SWIFT_OPTIMIZATION_LEVEL = "-Onone";
			};
			name = Debug;
		};
		2293BD441B61AA3F0011E8ED /* Release */ = {
			isa = XCBuildConfiguration;
			buildSettings = {
				ALWAYS_SEARCH_USER_PATHS = NO;
				CLANG_CXX_LANGUAGE_STANDARD = "gnu++0x";
				CLANG_CXX_LIBRARY = "libc++";
				CLANG_ENABLE_MODULES = YES;
				CLANG_ENABLE_OBJC_ARC = YES;
				CLANG_WARN_BOOL_CONVERSION = YES;
				CLANG_WARN_CONSTANT_CONVERSION = YES;
				CLANG_WARN_DIRECT_OBJC_ISA_USAGE = YES_ERROR;
				CLANG_WARN_EMPTY_BODY = YES;
				CLANG_WARN_ENUM_CONVERSION = YES;
				CLANG_WARN_INT_CONVERSION = YES;
				CLANG_WARN_OBJC_ROOT_CLASS = YES_ERROR;
				CLANG_WARN_UNREACHABLE_CODE = YES;
				CLANG_WARN__DUPLICATE_METHOD_MATCH = YES;
				"CODE_SIGN_IDENTITY[sdk=iphoneos*]" = "iPhone Developer";
				COPY_PHASE_STRIP = NO;
				DEBUG_INFORMATION_FORMAT = "dwarf-with-dsym";
				ENABLE_NS_ASSERTIONS = NO;
				ENABLE_STRICT_OBJC_MSGSEND = YES;
				GCC_C_LANGUAGE_STANDARD = gnu99;
				GCC_NO_COMMON_BLOCKS = YES;
				GCC_WARN_64_TO_32_BIT_CONVERSION = YES;
				GCC_WARN_ABOUT_RETURN_TYPE = YES_ERROR;
				GCC_WARN_UNDECLARED_SELECTOR = YES;
				GCC_WARN_UNINITIALIZED_AUTOS = YES_AGGRESSIVE;
				GCC_WARN_UNUSED_FUNCTION = YES;
				GCC_WARN_UNUSED_VARIABLE = YES;
				IPHONEOS_DEPLOYMENT_TARGET = 8.3;
				MTL_ENABLE_DEBUG_INFO = NO;
				SDKROOT = iphoneos;
				VALIDATE_PRODUCT = YES;
			};
			name = Release;
		};
		2293BD461B61AA3F0011E8ED /* Debug */ = {
			isa = XCBuildConfiguration;
			buildSettings = {
				ASSETCATALOG_COMPILER_APPICON_NAME = AppIcon;
				INFOPLIST_FILE = WeChat_Yun/Info.plist;
				LD_RUNPATH_SEARCH_PATHS = "$(inherited) @executable_path/Frameworks";
				PRODUCT_NAME = "$(TARGET_NAME)";
			};
			name = Debug;
		};
		2293BD471B61AA3F0011E8ED /* Release */ = {
			isa = XCBuildConfiguration;
			buildSettings = {
				ASSETCATALOG_COMPILER_APPICON_NAME = AppIcon;
				INFOPLIST_FILE = WeChat_Yun/Info.plist;
				LD_RUNPATH_SEARCH_PATHS = "$(inherited) @executable_path/Frameworks";
				PRODUCT_NAME = "$(TARGET_NAME)";
			};
			name = Release;
		};
		2293BD491B61AA3F0011E8ED /* Debug */ = {
			isa = XCBuildConfiguration;
			buildSettings = {
				BUNDLE_LOADER = "$(TEST_HOST)";
				FRAMEWORK_SEARCH_PATHS = (
					"$(SDKROOT)/Developer/Library/Frameworks",
					"$(inherited)",
				);
				GCC_PREPROCESSOR_DEFINITIONS = (
					"DEBUG=1",
					"$(inherited)",
				);
				INFOPLIST_FILE = WeChat_YunTests/Info.plist;
				LD_RUNPATH_SEARCH_PATHS = "$(inherited) @executable_path/Frameworks @loader_path/Frameworks";
				PRODUCT_NAME = "$(TARGET_NAME)";
				TEST_HOST = "$(BUILT_PRODUCTS_DIR)/WeChat_Yun.app/WeChat_Yun";
			};
			name = Debug;
		};
		2293BD4A1B61AA3F0011E8ED /* Release */ = {
			isa = XCBuildConfiguration;
			buildSettings = {
				BUNDLE_LOADER = "$(TEST_HOST)";
				FRAMEWORK_SEARCH_PATHS = (
					"$(SDKROOT)/Developer/Library/Frameworks",
					"$(inherited)",
				);
				INFOPLIST_FILE = WeChat_YunTests/Info.plist;
				LD_RUNPATH_SEARCH_PATHS = "$(inherited) @executable_path/Frameworks @loader_path/Frameworks";
				PRODUCT_NAME = "$(TARGET_NAME)";
				TEST_HOST = "$(BUILT_PRODUCTS_DIR)/WeChat_Yun.app/WeChat_Yun";
			};
			name = Release;
		};
/* End XCBuildConfiguration section */

/* Begin XCConfigurationList section */
		2293BD211B61AA3F0011E8ED /* Build configuration list for PBXProject "WeChat_Yun" */ = {
			isa = XCConfigurationList;
			buildConfigurations = (
				2293BD431B61AA3F0011E8ED /* Debug */,
				2293BD441B61AA3F0011E8ED /* Release */,
			);
			defaultConfigurationIsVisible = 0;
			defaultConfigurationName = Release;
		};
		2293BD451B61AA3F0011E8ED /* Build configuration list for PBXNativeTarget "WeChat_Yun" */ = {
			isa = XCConfigurationList;
			buildConfigurations = (
				2293BD461B61AA3F0011E8ED /* Debug */,
				2293BD471B61AA3F0011E8ED /* Release */,
			);
			defaultConfigurationIsVisible = 0;
			defaultConfigurationName = Release;
		};
		2293BD481B61AA3F0011E8ED /* Build configuration list for PBXNativeTarget "WeChat_YunTests" */ = {
			isa = XCConfigurationList;
			buildConfigurations = (
				2293BD491B61AA3F0011E8ED /* Debug */,
				2293BD4A1B61AA3F0011E8ED /* Release */,
			);
			defaultConfigurationIsVisible = 0;
			defaultConfigurationName = Release;
		};
/* End XCConfigurationList section */
	};
	rootObject = 2293BD1E1B61AA3F0011E8ED /* Project object */;
}
